// !$*UTF8*$!
{
	archiveVersion = 1;
	classes = {
	};
	objectVersion = 46;
	objects = {

/* Begin PBXBuildFile section */
		3902A1F4DE8A94D5C2E8ADB0 /* libPods.a in Frameworks */ = {isa = PBXBuildFile; fileRef = ECB99D38ACBAD2EDC63F3923 /* libPods.a */; };
		F0150E5A1A11483300D13D45 /* main.m in Sources */ = {isa = PBXBuildFile; fileRef = F0150E591A11483300D13D45 /* main.m */; };
		F0150E5D1A11483300D13D45 /* AppDelegate.m in Sources */ = {isa = PBXBuildFile; fileRef = F0150E5C1A11483300D13D45 /* AppDelegate.m */; };
		F0150E601A11483300D13D45 /* MindApp.xcdatamodeld in Sources */ = {isa = PBXBuildFile; fileRef = F0150E5E1A11483300D13D45 /* MindApp.xcdatamodeld */; };
		F0150E661A11483300D13D45 /* Main.storyboard in Resources */ = {isa = PBXBuildFile; fileRef = F0150E641A11483300D13D45 /* Main.storyboard */; };
		F0150E681A11483300D13D45 /* Images.xcassets in Resources */ = {isa = PBXBuildFile; fileRef = F0150E671A11483300D13D45 /* Images.xcassets */; };
		F0150E6B1A11483300D13D45 /* LaunchScreen.xib in Resources */ = {isa = PBXBuildFile; fileRef = F0150E691A11483300D13D45 /* LaunchScreen.xib */; };
		F0150E771A11483300D13D45 /* MindAppTests.m in Sources */ = {isa = PBXBuildFile; fileRef = F0150E761A11483300D13D45 /* MindAppTests.m */; };
		F02B0DE11A3DC125002E2F3B /* LoginViewController.m in Sources */ = {isa = PBXBuildFile; fileRef = F02B0DE01A3DC125002E2F3B /* LoginViewController.m */; };
		F02B0DE51A3DC643002E2F3B /* LoginRequestModel.m in Sources */ = {isa = PBXBuildFile; fileRef = F02B0DE41A3DC643002E2F3B /* LoginRequestModel.m */; };
		F02B0DE81A3DC656002E2F3B /* RegistrationRequestModel.m in Sources */ = {isa = PBXBuildFile; fileRef = F02B0DE71A3DC656002E2F3B /* RegistrationRequestModel.m */; };
		F04987E41A56EBE400FC2D44 /* HashUtil.m in Sources */ = {isa = PBXBuildFile; fileRef = F04987E31A56EBE400FC2D44 /* HashUtil.m */; };
		F04987E71A56EE6700FC2D44 /* FileCacheUtil.m in Sources */ = {isa = PBXBuildFile; fileRef = F04987E61A56EE6700FC2D44 /* FileCacheUtil.m */; };
		F06F1A9E1A4B5103006B71B7 /* BaseResponseDataContract.m in Sources */ = {isa = PBXBuildFile; fileRef = F06F1A9D1A4B5103006B71B7 /* BaseResponseDataContract.m */; };
		F06F1AA11A4B51F7006B71B7 /* RegistrationResponseModel.m in Sources */ = {isa = PBXBuildFile; fileRef = F06F1AA01A4B51F7006B71B7 /* RegistrationResponseModel.m */; };
		F07B8BAA1A50254000632BF9 /* BaseCommunicationsUtil.m in Sources */ = {isa = PBXBuildFile; fileRef = F07B8BA91A50254000632BF9 /* BaseCommunicationsUtil.m */; };
		F07B8BAF1A5028ED00632BF9 /* MIAudioPlayer.m in Sources */ = {isa = PBXBuildFile; fileRef = F07B8BAE1A5028ED00632BF9 /* MIAudioPlayer.m */; };
		F086EC911A1A80A6000213FB /* MediaItemViewController.m in Sources */ = {isa = PBXBuildFile; fileRef = F086EC901A1A80A6000213FB /* MediaItemViewController.m */; };
		F086EC931A1A888B000213FB /* AVFoundation.framework in Frameworks */ = {isa = PBXBuildFile; fileRef = F086EC921A1A888B000213FB /* AVFoundation.framework */; };
		F086EC951A1A8BC4000213FB /* AWSiOSSDKv2.framework in Frameworks */ = {isa = PBXBuildFile; fileRef = F086EC941A1A8BC4000213FB /* AWSiOSSDKv2.framework */; };
		F086EC971A1A96DF000213FB /* Bolts.framework in Frameworks */ = {isa = PBXBuildFile; fileRef = F086EC961A1A96DF000213FB /* Bolts.framework */; };
		F086EC9F1A1A97E3000213FB /* Mantle.framework in Frameworks */ = {isa = PBXBuildFile; fileRef = F086EC991A1A97E3000213FB /* Mantle.framework */; };
		F086ECA01A1A97E3000213FB /* Reachability.framework in Frameworks */ = {isa = PBXBuildFile; fileRef = F086EC9A1A1A97E3000213FB /* Reachability.framework */; };
		F086ECA11A1A97E3000213FB /* TMCache.framework in Frameworks */ = {isa = PBXBuildFile; fileRef = F086EC9B1A1A97E3000213FB /* TMCache.framework */; };
		F086ECA21A1A97E3000213FB /* UICKeyChainStore.framework in Frameworks */ = {isa = PBXBuildFile; fileRef = F086EC9C1A1A97E3000213FB /* UICKeyChainStore.framework */; };
		F086ECA31A1A97E3000213FB /* XMLDictionary.framework in Frameworks */ = {isa = PBXBuildFile; fileRef = F086EC9D1A1A97E3000213FB /* XMLDictionary.framework */; };
		F086ECA41A1A9840000213FB /* GZIP.framework in Frameworks */ = {isa = PBXBuildFile; fileRef = F086EC981A1A97E3000213FB /* GZIP.framework */; };
		F086ECA61A1A9996000213FB /* libz.dylib in Frameworks */ = {isa = PBXBuildFile; fileRef = F086ECA51A1A9996000213FB /* libz.dylib */; };
		F08D6F621A4A03620032C90A /* playIcon.png in Resources */ = {isa = PBXBuildFile; fileRef = F08D6F611A4A03620032C90A /* playIcon.png */; };
		F08D6F651A4A05510032C90A /* MediaListViewCollectionViewController.m in Sources */ = {isa = PBXBuildFile; fileRef = F08D6F641A4A05510032C90A /* MediaListViewCollectionViewController.m */; };
		F0912AC51A4AFE6B00BD1A13 /* MIMediaListCollectionViewCell.m in Sources */ = {isa = PBXBuildFile; fileRef = F0912AC31A4AFE6B00BD1A13 /* MIMediaListCollectionViewCell.m */; };
		F0912AC61A4AFE6B00BD1A13 /* MIMediaListCollectionViewCell.xib in Resources */ = {isa = PBXBuildFile; fileRef = F0912AC41A4AFE6B00BD1A13 /* MIMediaListCollectionViewCell.xib */; };
		F0912AC91A4B23E200BD1A13 /* CommunicationPostRequestUtil.m in Sources */ = {isa = PBXBuildFile; fileRef = F0912AC81A4B23E200BD1A13 /* CommunicationPostRequestUtil.m */; };
		F0960B2C1A497ADE0037D096 /* CommunicationsManager.m in Sources */ = {isa = PBXBuildFile; fileRef = F0960B2B1A497ADE0037D096 /* CommunicationsManager.m */; };
		F0960B2F1A49CA140037D096 /* CommunicationGetRequestUtil.m in Sources */ = {isa = PBXBuildFile; fileRef = F0960B2E1A49CA140037D096 /* CommunicationGetRequestUtil.m */; };
		F09EA4E41A349E1C005A1F1C /* TimerUtil.m in Sources */ = {isa = PBXBuildFile; fileRef = F09EA4E31A349E1C005A1F1C /* TimerUtil.m */; };
		F0A137F91A4C70A200C64CE4 /* LoginResponseModel.m in Sources */ = {isa = PBXBuildFile; fileRef = F0A137F81A4C70A200C64CE4 /* LoginResponseModel.m */; };
		F0A137FD1A4C861700C64CE4 /* JSONResponseSerializerWithData.m in Sources */ = {isa = PBXBuildFile; fileRef = F0A137FC1A4C861700C64CE4 /* JSONResponseSerializerWithData.m */; };
		F0A3F3291A4DC0C70072CE33 /* BaseRequestDataContract.m in Sources */ = {isa = PBXBuildFile; fileRef = F0A3F3281A4DC0C70072CE33 /* BaseRequestDataContract.m */; };
		F0A3F32E1A4DC3CA0072CE33 /* InputValidationUtil.m in Sources */ = {isa = PBXBuildFile; fileRef = F0A3F32D1A4DC3CA0072CE33 /* InputValidationUtil.m */; };
		F0A3F3321A4DF0A90072CE33 /* RegisterViewController.m in Sources */ = {isa = PBXBuildFile; fileRef = F0A3F3311A4DF0A90072CE33 /* RegisterViewController.m */; };
		F0C3A8AE1A191F5B00EAA252 /* AudioFile+ext.m in Sources */ = {isa = PBXBuildFile; fileRef = F0C3A8AD1A191F5B00EAA252 /* AudioFile+ext.m */; };
		F0C3A8B31A192CD900EAA252 /* MediaModel.m in Sources */ = {isa = PBXBuildFile; fileRef = F0C3A8B21A192CD900EAA252 /* MediaModel.m */; };
		F0C3A8B51A192D0F00EAA252 /* AudioFile.m in Sources */ = {isa = PBXBuildFile; fileRef = F0C3A8B41A192D0F00EAA252 /* AudioFile.m */; };
		F0D746831A506F0100034B98 /* MIAudioPlayerCacheDelegate.m in Sources */ = {isa = PBXBuildFile; fileRef = F0D746821A506F0100034B98 /* MIAudioPlayerCacheDelegate.m */; };
		F0E9B4A61A23B8F300F1D98F /* Resource.plist in Resources */ = {isa = PBXBuildFile; fileRef = F0E9B4A51A23B8F300F1D98F /* Resource.plist */; };
/* End PBXBuildFile section */

/* Begin PBXContainerItemProxy section */
		F0150E711A11483300D13D45 /* PBXContainerItemProxy */ = {
			isa = PBXContainerItemProxy;
			containerPortal = F0150E4C1A11483300D13D45 /* Project object */;
			proxyType = 1;
			remoteGlobalIDString = F0150E531A11483300D13D45;
			remoteInfo = MindApp;
		};
/* End PBXContainerItemProxy section */

/* Begin PBXFileReference section */
		6849B07F1B0C8938F344F2E8 /* Pods.debug.xcconfig */ = {isa = PBXFileReference; includeInIndex = 1; lastKnownFileType = text.xcconfig; name = Pods.debug.xcconfig; path = "Pods/Target Support Files/Pods/Pods.debug.xcconfig"; sourceTree = "<group>"; };
		79A70C9DFA872F376A617139 /* Pods.release.xcconfig */ = {isa = PBXFileReference; includeInIndex = 1; lastKnownFileType = text.xcconfig; name = Pods.release.xcconfig; path = "Pods/Target Support Files/Pods/Pods.release.xcconfig"; sourceTree = "<group>"; };
		ECB99D38ACBAD2EDC63F3923 /* libPods.a */ = {isa = PBXFileReference; explicitFileType = archive.ar; includeInIndex = 0; path = libPods.a; sourceTree = BUILT_PRODUCTS_DIR; };
		F0150E541A11483300D13D45 /* MindApp.app */ = {isa = PBXFileReference; explicitFileType = wrapper.application; includeInIndex = 0; path = MindApp.app; sourceTree = BUILT_PRODUCTS_DIR; };
		F0150E581A11483300D13D45 /* Info.plist */ = {isa = PBXFileReference; lastKnownFileType = text.plist.xml; path = Info.plist; sourceTree = "<group>"; };
		F0150E591A11483300D13D45 /* main.m */ = {isa = PBXFileReference; lastKnownFileType = sourcecode.c.objc; path = main.m; sourceTree = "<group>"; };
		F0150E5B1A11483300D13D45 /* AppDelegate.h */ = {isa = PBXFileReference; lastKnownFileType = sourcecode.c.h; path = AppDelegate.h; sourceTree = "<group>"; };
		F0150E5C1A11483300D13D45 /* AppDelegate.m */ = {isa = PBXFileReference; lastKnownFileType = sourcecode.c.objc; path = AppDelegate.m; sourceTree = "<group>"; };
		F0150E5F1A11483300D13D45 /* MindApp.xcdatamodel */ = {isa = PBXFileReference; lastKnownFileType = wrapper.xcdatamodel; path = MindApp.xcdatamodel; sourceTree = "<group>"; };
		F0150E651A11483300D13D45 /* Base */ = {isa = PBXFileReference; lastKnownFileType = file.storyboard; name = Base; path = Base.lproj/Main.storyboard; sourceTree = "<group>"; };
		F0150E671A11483300D13D45 /* Images.xcassets */ = {isa = PBXFileReference; lastKnownFileType = folder.assetcatalog; path = Images.xcassets; sourceTree = "<group>"; };
		F0150E6A1A11483300D13D45 /* Base */ = {isa = PBXFileReference; lastKnownFileType = file.xib; name = Base; path = Base.lproj/LaunchScreen.xib; sourceTree = "<group>"; };
		F0150E701A11483300D13D45 /* MindAppTests.xctest */ = {isa = PBXFileReference; explicitFileType = wrapper.cfbundle; includeInIndex = 0; path = MindAppTests.xctest; sourceTree = BUILT_PRODUCTS_DIR; };
		F0150E751A11483300D13D45 /* Info.plist */ = {isa = PBXFileReference; lastKnownFileType = text.plist.xml; path = Info.plist; sourceTree = "<group>"; };
		F0150E761A11483300D13D45 /* MindAppTests.m */ = {isa = PBXFileReference; lastKnownFileType = sourcecode.c.objc; path = MindAppTests.m; sourceTree = "<group>"; };
		F02B0DDF1A3DC125002E2F3B /* LoginViewController.h */ = {isa = PBXFileReference; fileEncoding = 4; lastKnownFileType = sourcecode.c.h; path = LoginViewController.h; sourceTree = "<group>"; };
		F02B0DE01A3DC125002E2F3B /* LoginViewController.m */ = {isa = PBXFileReference; fileEncoding = 4; lastKnownFileType = sourcecode.c.objc; path = LoginViewController.m; sourceTree = "<group>"; };
		F02B0DE31A3DC643002E2F3B /* LoginRequestModel.h */ = {isa = PBXFileReference; fileEncoding = 4; lastKnownFileType = sourcecode.c.h; path = LoginRequestModel.h; sourceTree = "<group>"; };
		F02B0DE41A3DC643002E2F3B /* LoginRequestModel.m */ = {isa = PBXFileReference; fileEncoding = 4; lastKnownFileType = sourcecode.c.objc; path = LoginRequestModel.m; sourceTree = "<group>"; };
		F02B0DE61A3DC656002E2F3B /* RegistrationRequestModel.h */ = {isa = PBXFileReference; fileEncoding = 4; lastKnownFileType = sourcecode.c.h; path = RegistrationRequestModel.h; sourceTree = "<group>"; };
		F02B0DE71A3DC656002E2F3B /* RegistrationRequestModel.m */ = {isa = PBXFileReference; fileEncoding = 4; lastKnownFileType = sourcecode.c.objc; path = RegistrationRequestModel.m; sourceTree = "<group>"; };
		F04987E21A56EBE400FC2D44 /* HashUtil.h */ = {isa = PBXFileReference; fileEncoding = 4; lastKnownFileType = sourcecode.c.h; path = HashUtil.h; sourceTree = "<group>"; };
		F04987E31A56EBE400FC2D44 /* HashUtil.m */ = {isa = PBXFileReference; fileEncoding = 4; lastKnownFileType = sourcecode.c.objc; path = HashUtil.m; sourceTree = "<group>"; };
		F04987E51A56EE6700FC2D44 /* FileCacheUtil.h */ = {isa = PBXFileReference; fileEncoding = 4; lastKnownFileType = sourcecode.c.h; path = FileCacheUtil.h; sourceTree = "<group>"; };
		F04987E61A56EE6700FC2D44 /* FileCacheUtil.m */ = {isa = PBXFileReference; fileEncoding = 4; lastKnownFileType = sourcecode.c.objc; path = FileCacheUtil.m; sourceTree = "<group>"; };
		F06F1A9C1A4B5103006B71B7 /* BaseResponseDataContract.h */ = {isa = PBXFileReference; fileEncoding = 4; lastKnownFileType = sourcecode.c.h; path = BaseResponseDataContract.h; sourceTree = "<group>"; };
		F06F1A9D1A4B5103006B71B7 /* BaseResponseDataContract.m */ = {isa = PBXFileReference; fileEncoding = 4; lastKnownFileType = sourcecode.c.objc; path = BaseResponseDataContract.m; sourceTree = "<group>"; };
		F06F1A9F1A4B51F7006B71B7 /* RegistrationResponseModel.h */ = {isa = PBXFileReference; fileEncoding = 4; lastKnownFileType = sourcecode.c.h; path = RegistrationResponseModel.h; sourceTree = "<group>"; };
		F06F1AA01A4B51F7006B71B7 /* RegistrationResponseModel.m */ = {isa = PBXFileReference; fileEncoding = 4; lastKnownFileType = sourcecode.c.objc; path = RegistrationResponseModel.m; sourceTree = "<group>"; };
		F07B8BA81A50254000632BF9 /* BaseCommunicationsUtil.h */ = {isa = PBXFileReference; fileEncoding = 4; lastKnownFileType = sourcecode.c.h; path = BaseCommunicationsUtil.h; sourceTree = "<group>"; };
		F07B8BA91A50254000632BF9 /* BaseCommunicationsUtil.m */ = {isa = PBXFileReference; fileEncoding = 4; lastKnownFileType = sourcecode.c.objc; path = BaseCommunicationsUtil.m; sourceTree = "<group>"; };
		F07B8BAD1A5028ED00632BF9 /* MIAudioPlayer.h */ = {isa = PBXFileReference; fileEncoding = 4; lastKnownFileType = sourcecode.c.h; path = MIAudioPlayer.h; sourceTree = "<group>"; };
		F07B8BAE1A5028ED00632BF9 /* MIAudioPlayer.m */ = {isa = PBXFileReference; fileEncoding = 4; lastKnownFileType = sourcecode.c.objc; path = MIAudioPlayer.m; sourceTree = "<group>"; };
		F086EC8F1A1A80A6000213FB /* MediaItemViewController.h */ = {isa = PBXFileReference; fileEncoding = 4; lastKnownFileType = sourcecode.c.h; path = MediaItemViewController.h; sourceTree = "<group>"; };
		F086EC901A1A80A6000213FB /* MediaItemViewController.m */ = {isa = PBXFileReference; fileEncoding = 4; lastKnownFileType = sourcecode.c.objc; path = MediaItemViewController.m; sourceTree = "<group>"; };
		F086EC921A1A888B000213FB /* AVFoundation.framework */ = {isa = PBXFileReference; lastKnownFileType = wrapper.framework; name = AVFoundation.framework; path = System/Library/Frameworks/AVFoundation.framework; sourceTree = SDKROOT; };
		F086EC941A1A8BC4000213FB /* AWSiOSSDKv2.framework */ = {isa = PBXFileReference; lastKnownFileType = wrapper.framework; name = AWSiOSSDKv2.framework; path = "../../../../../Downloads/aws-ios-sdk-2.0.12/frameworks/AWSiOSSDKv2.framework"; sourceTree = "<group>"; };
		F086EC961A1A96DF000213FB /* Bolts.framework */ = {isa = PBXFileReference; lastKnownFileType = wrapper.framework; name = Bolts.framework; path = "../../../../../Downloads/Bolts-iOS/ios/Bolts.framework"; sourceTree = "<group>"; };
		F086EC981A1A97E3000213FB /* GZIP.framework */ = {isa = PBXFileReference; lastKnownFileType = wrapper.framework; name = GZIP.framework; path = "../../../../../Downloads/aws-ios-sdk-2.0.12/third-party/GZIP.framework"; sourceTree = "<group>"; };
		F086EC991A1A97E3000213FB /* Mantle.framework */ = {isa = PBXFileReference; lastKnownFileType = wrapper.framework; name = Mantle.framework; path = "../../../../../Downloads/aws-ios-sdk-2.0.12/third-party/Mantle.framework"; sourceTree = "<group>"; };
		F086EC9A1A1A97E3000213FB /* Reachability.framework */ = {isa = PBXFileReference; lastKnownFileType = wrapper.framework; name = Reachability.framework; path = "../../../../../Downloads/aws-ios-sdk-2.0.12/third-party/Reachability.framework"; sourceTree = "<group>"; };
		F086EC9B1A1A97E3000213FB /* TMCache.framework */ = {isa = PBXFileReference; lastKnownFileType = wrapper.framework; name = TMCache.framework; path = "../../../../../Downloads/aws-ios-sdk-2.0.12/third-party/TMCache.framework"; sourceTree = "<group>"; };
		F086EC9C1A1A97E3000213FB /* UICKeyChainStore.framework */ = {isa = PBXFileReference; lastKnownFileType = wrapper.framework; name = UICKeyChainStore.framework; path = "../../../../../Downloads/aws-ios-sdk-2.0.12/third-party/UICKeyChainStore.framework"; sourceTree = "<group>"; };
		F086EC9D1A1A97E3000213FB /* XMLDictionary.framework */ = {isa = PBXFileReference; lastKnownFileType = wrapper.framework; name = XMLDictionary.framework; path = "../../../../../Downloads/aws-ios-sdk-2.0.12/third-party/XMLDictionary.framework"; sourceTree = "<group>"; };
		F086ECA51A1A9996000213FB /* libz.dylib */ = {isa = PBXFileReference; lastKnownFileType = "compiled.mach-o.dylib"; name = libz.dylib; path = usr/lib/libz.dylib; sourceTree = SDKROOT; };
		F08D6F611A4A03620032C90A /* playIcon.png */ = {isa = PBXFileReference; lastKnownFileType = image.png; path = playIcon.png; sourceTree = "<group>"; };
		F08D6F631A4A05510032C90A /* MediaListViewCollectionViewController.h */ = {isa = PBXFileReference; fileEncoding = 4; lastKnownFileType = sourcecode.c.h; path = MediaListViewCollectionViewController.h; sourceTree = "<group>"; };
		F08D6F641A4A05510032C90A /* MediaListViewCollectionViewController.m */ = {isa = PBXFileReference; fileEncoding = 4; lastKnownFileType = sourcecode.c.objc; path = MediaListViewCollectionViewController.m; sourceTree = "<group>"; };
		F0912AC21A4AFE6B00BD1A13 /* MIMediaListCollectionViewCell.h */ = {isa = PBXFileReference; fileEncoding = 4; lastKnownFileType = sourcecode.c.h; path = MIMediaListCollectionViewCell.h; sourceTree = "<group>"; };
		F0912AC31A4AFE6B00BD1A13 /* MIMediaListCollectionViewCell.m */ = {isa = PBXFileReference; fileEncoding = 4; lastKnownFileType = sourcecode.c.objc; path = MIMediaListCollectionViewCell.m; sourceTree = "<group>"; };
		F0912AC41A4AFE6B00BD1A13 /* MIMediaListCollectionViewCell.xib */ = {isa = PBXFileReference; fileEncoding = 4; lastKnownFileType = file.xib; path = MIMediaListCollectionViewCell.xib; sourceTree = "<group>"; };
		F0912AC71A4B23E200BD1A13 /* CommunicationPostRequestUtil.h */ = {isa = PBXFileReference; fileEncoding = 4; lastKnownFileType = sourcecode.c.h; path = CommunicationPostRequestUtil.h; sourceTree = "<group>"; };
		F0912AC81A4B23E200BD1A13 /* CommunicationPostRequestUtil.m */ = {isa = PBXFileReference; fileEncoding = 4; lastKnownFileType = sourcecode.c.objc; path = CommunicationPostRequestUtil.m; sourceTree = "<group>"; };
		F0960B2A1A497ADE0037D096 /* CommunicationsManager.h */ = {isa = PBXFileReference; fileEncoding = 4; lastKnownFileType = sourcecode.c.h; path = CommunicationsManager.h; sourceTree = "<group>"; };
		F0960B2B1A497ADE0037D096 /* CommunicationsManager.m */ = {isa = PBXFileReference; fileEncoding = 4; lastKnownFileType = sourcecode.c.objc; path = CommunicationsManager.m; sourceTree = "<group>"; };
		F0960B2D1A49CA140037D096 /* CommunicationGetRequestUtil.h */ = {isa = PBXFileReference; fileEncoding = 4; lastKnownFileType = sourcecode.c.h; path = CommunicationGetRequestUtil.h; sourceTree = "<group>"; };
		F0960B2E1A49CA140037D096 /* CommunicationGetRequestUtil.m */ = {isa = PBXFileReference; fileEncoding = 4; lastKnownFileType = sourcecode.c.objc; path = CommunicationGetRequestUtil.m; sourceTree = "<group>"; };
		F09EA4E21A349E1C005A1F1C /* TimerUtil.h */ = {isa = PBXFileReference; fileEncoding = 4; lastKnownFileType = sourcecode.c.h; path = TimerUtil.h; sourceTree = "<group>"; };
		F09EA4E31A349E1C005A1F1C /* TimerUtil.m */ = {isa = PBXFileReference; fileEncoding = 4; lastKnownFileType = sourcecode.c.objc; path = TimerUtil.m; sourceTree = "<group>"; };
		F0A137F71A4C70A200C64CE4 /* LoginResponseModel.h */ = {isa = PBXFileReference; fileEncoding = 4; lastKnownFileType = sourcecode.c.h; path = LoginResponseModel.h; sourceTree = "<group>"; };
		F0A137F81A4C70A200C64CE4 /* LoginResponseModel.m */ = {isa = PBXFileReference; fileEncoding = 4; lastKnownFileType = sourcecode.c.objc; path = LoginResponseModel.m; sourceTree = "<group>"; };
		F0A137FB1A4C861700C64CE4 /* JSONResponseSerializerWithData.h */ = {isa = PBXFileReference; fileEncoding = 4; lastKnownFileType = sourcecode.c.h; path = JSONResponseSerializerWithData.h; sourceTree = "<group>"; };
		F0A137FC1A4C861700C64CE4 /* JSONResponseSerializerWithData.m */ = {isa = PBXFileReference; fileEncoding = 4; lastKnownFileType = sourcecode.c.objc; path = JSONResponseSerializerWithData.m; sourceTree = "<group>"; };
		F0A3F3271A4DC0C70072CE33 /* BaseRequestDataContract.h */ = {isa = PBXFileReference; fileEncoding = 4; lastKnownFileType = sourcecode.c.h; path = BaseRequestDataContract.h; sourceTree = "<group>"; };
		F0A3F3281A4DC0C70072CE33 /* BaseRequestDataContract.m */ = {isa = PBXFileReference; fileEncoding = 4; lastKnownFileType = sourcecode.c.objc; path = BaseRequestDataContract.m; sourceTree = "<group>"; };
		F0A3F32C1A4DC3CA0072CE33 /* InputValidationUtil.h */ = {isa = PBXFileReference; fileEncoding = 4; lastKnownFileType = sourcecode.c.h; path = InputValidationUtil.h; sourceTree = "<group>"; };
		F0A3F32D1A4DC3CA0072CE33 /* InputValidationUtil.m */ = {isa = PBXFileReference; fileEncoding = 4; lastKnownFileType = sourcecode.c.objc; path = InputValidationUtil.m; sourceTree = "<group>"; };
		F0A3F3301A4DF0A90072CE33 /* RegisterViewController.h */ = {isa = PBXFileReference; fileEncoding = 4; lastKnownFileType = sourcecode.c.h; path = RegisterViewController.h; sourceTree = "<group>"; };
		F0A3F3311A4DF0A90072CE33 /* RegisterViewController.m */ = {isa = PBXFileReference; fileEncoding = 4; lastKnownFileType = sourcecode.c.objc; path = RegisterViewController.m; sourceTree = "<group>"; };
		F0C3A8A31A1915B900EAA252 /* MediaModel.h */ = {isa = PBXFileReference; fileEncoding = 4; lastKnownFileType = sourcecode.c.h; path = MediaModel.h; sourceTree = "<group>"; };
		F0C3A8A61A19164700EAA252 /* MediaType.h */ = {isa = PBXFileReference; lastKnownFileType = sourcecode.c.h; path = MediaType.h; sourceTree = "<group>"; };
		F0C3A8A71A191D0E00EAA252 /* AudioFile.h */ = {isa = PBXFileReference; fileEncoding = 4; lastKnownFileType = sourcecode.c.h; path = AudioFile.h; sourceTree = "<group>"; };
		F0C3A8AC1A191F5B00EAA252 /* AudioFile+ext.h */ = {isa = PBXFileReference; fileEncoding = 4; lastKnownFileType = sourcecode.c.h; path = "AudioFile+ext.h"; sourceTree = "<group>"; };
		F0C3A8AD1A191F5B00EAA252 /* AudioFile+ext.m */ = {isa = PBXFileReference; fileEncoding = 4; lastKnownFileType = sourcecode.c.objc; path = "AudioFile+ext.m"; sourceTree = "<group>"; };
		F0C3A8B21A192CD900EAA252 /* MediaModel.m */ = {isa = PBXFileReference; fileEncoding = 4; lastKnownFileType = sourcecode.c.objc; path = MediaModel.m; sourceTree = "<group>"; };
		F0C3A8B41A192D0F00EAA252 /* AudioFile.m */ = {isa = PBXFileReference; fileEncoding = 4; lastKnownFileType = sourcecode.c.objc; path = AudioFile.m; sourceTree = "<group>"; };
		F0D746811A506F0100034B98 /* MIAudioPlayerCacheDelegate.h */ = {isa = PBXFileReference; fileEncoding = 4; lastKnownFileType = sourcecode.c.h; path = MIAudioPlayerCacheDelegate.h; sourceTree = "<group>"; };
		F0D746821A506F0100034B98 /* MIAudioPlayerCacheDelegate.m */ = {isa = PBXFileReference; fileEncoding = 4; lastKnownFileType = sourcecode.c.objc; path = MIAudioPlayerCacheDelegate.m; sourceTree = "<group>"; };
		F0E9B4A51A23B8F300F1D98F /* Resource.plist */ = {isa = PBXFileReference; fileEncoding = 4; lastKnownFileType = text.plist.xml; path = Resource.plist; sourceTree = "<group>"; };
/* End PBXFileReference section */

/* Begin PBXFrameworksBuildPhase section */
		F0150E511A11483300D13D45 /* Frameworks */ = {
			isa = PBXFrameworksBuildPhase;
			buildActionMask = 2147483647;
			files = (
				F086ECA61A1A9996000213FB /* libz.dylib in Frameworks */,
				F086ECA41A1A9840000213FB /* GZIP.framework in Frameworks */,
				F086EC9F1A1A97E3000213FB /* Mantle.framework in Frameworks */,
				F086ECA01A1A97E3000213FB /* Reachability.framework in Frameworks */,
				F086ECA11A1A97E3000213FB /* TMCache.framework in Frameworks */,
				F086ECA21A1A97E3000213FB /* UICKeyChainStore.framework in Frameworks */,
				F086ECA31A1A97E3000213FB /* XMLDictionary.framework in Frameworks */,
				F086EC971A1A96DF000213FB /* Bolts.framework in Frameworks */,
				F086EC951A1A8BC4000213FB /* AWSiOSSDKv2.framework in Frameworks */,
				F086EC931A1A888B000213FB /* AVFoundation.framework in Frameworks */,
				3902A1F4DE8A94D5C2E8ADB0 /* libPods.a in Frameworks */,
			);
			runOnlyForDeploymentPostprocessing = 0;
		};
		F0150E6D1A11483300D13D45 /* Frameworks */ = {
			isa = PBXFrameworksBuildPhase;
			buildActionMask = 2147483647;
			files = (
			);
			runOnlyForDeploymentPostprocessing = 0;
		};
/* End PBXFrameworksBuildPhase section */

/* Begin PBXGroup section */
		5C64DABCE12227BC324E624F /* Pods */ = {
			isa = PBXGroup;
			children = (
				6849B07F1B0C8938F344F2E8 /* Pods.debug.xcconfig */,
				79A70C9DFA872F376A617139 /* Pods.release.xcconfig */,
			);
			name = Pods;
			sourceTree = "<group>";
		};
		7EF84457A191CB5E2C7FD073 /* Frameworks */ = {
			isa = PBXGroup;
			children = (
				ECB99D38ACBAD2EDC63F3923 /* libPods.a */,
			);
			name = Frameworks;
			sourceTree = "<group>";
		};
		F0150E4B1A11483300D13D45 = {
			isa = PBXGroup;
			children = (
				F0150E561A11483300D13D45 /* MindApp */,
				F0150E731A11483300D13D45 /* MindAppTests */,
				F0150E551A11483300D13D45 /* Products */,
				5C64DABCE12227BC324E624F /* Pods */,
				7EF84457A191CB5E2C7FD073 /* Frameworks */,
			);
			sourceTree = "<group>";
		};
		F0150E551A11483300D13D45 /* Products */ = {
			isa = PBXGroup;
			children = (
				F0150E541A11483300D13D45 /* MindApp.app */,
				F0150E701A11483300D13D45 /* MindAppTests.xctest */,
			);
			name = Products;
			sourceTree = "<group>";
		};
		F0150E561A11483300D13D45 /* MindApp */ = {
			isa = PBXGroup;
			children = (
				F0A3F33B1A4DF9950072CE33 /* AudioPlayer */,
				F0960B291A497AB80037D096 /* Comms */,
				F09EA4E11A349DDC005A1F1C /* Utils */,
				F0C3A89F1A1914CD00EAA252 /* Model */,
				F0C3A8A11A1914E400EAA252 /* Controllers */,
				F0C3A8A01A1914DD00EAA252 /* View */,
				F0150E571A11483300D13D45 /* Supporting Files */,
			);
			path = MindApp;
			sourceTree = "<group>";
		};
		F0150E571A11483300D13D45 /* Supporting Files */ = {
			isa = PBXGroup;
			children = (
				F08D6F601A4A034B0032C90A /* Icons */,
				F09EA4E01A349DC9005A1F1C /* Frameworks */,
				F0150E5B1A11483300D13D45 /* AppDelegate.h */,
				F0150E5C1A11483300D13D45 /* AppDelegate.m */,
				F0150E671A11483300D13D45 /* Images.xcassets */,
				F0150E691A11483300D13D45 /* LaunchScreen.xib */,
				F0150E581A11483300D13D45 /* Info.plist */,
				F0150E591A11483300D13D45 /* main.m */,
				F0E9B4A51A23B8F300F1D98F /* Resource.plist */,
			);
			name = "Supporting Files";
			sourceTree = "<group>";
		};
		F0150E731A11483300D13D45 /* MindAppTests */ = {
			isa = PBXGroup;
			children = (
				F0150E761A11483300D13D45 /* MindAppTests.m */,
				F0150E741A11483300D13D45 /* Supporting Files */,
			);
			path = MindAppTests;
			sourceTree = "<group>";
		};
		F0150E741A11483300D13D45 /* Supporting Files */ = {
			isa = PBXGroup;
			children = (
				F0150E751A11483300D13D45 /* Info.plist */,
			);
			name = "Supporting Files";
			sourceTree = "<group>";
		};
		F02B0DE21A3DC61F002E2F3B /* Data Contracts */ = {
			isa = PBXGroup;
			children = (
				F06F1A9B1A4B50C8006B71B7 /* BaseDataContacts */,
				F0A3F32A1A4DC2740072CE33 /* Requests */,
				F0A3F32B1A4DC27B0072CE33 /* Responses */,
			);
			name = "Data Contracts";
			sourceTree = "<group>";
		};
		F06F1A9B1A4B50C8006B71B7 /* BaseDataContacts */ = {
			isa = PBXGroup;
			children = (
				F06F1A9C1A4B5103006B71B7 /* BaseResponseDataContract.h */,
				F06F1A9D1A4B5103006B71B7 /* BaseResponseDataContract.m */,
				F0A3F3271A4DC0C70072CE33 /* BaseRequestDataContract.h */,
				F0A3F3281A4DC0C70072CE33 /* BaseRequestDataContract.m */,
			);
			name = BaseDataContacts;
			sourceTree = "<group>";
		};
		F07B8BAC1A5027AA00632BF9 /* BaseCommunicationUtil */ = {
			isa = PBXGroup;
			children = (
				F07B8BA81A50254000632BF9 /* BaseCommunicationsUtil.h */,
				F07B8BA91A50254000632BF9 /* BaseCommunicationsUtil.m */,
			);
			name = BaseCommunicationUtil;
			sourceTree = "<group>";
		};
		F08D6F601A4A034B0032C90A /* Icons */ = {
			isa = PBXGroup;
			children = (
				F08D6F611A4A03620032C90A /* playIcon.png */,
			);
			name = Icons;
			sourceTree = "<group>";
		};
		F0960B291A497AB80037D096 /* Comms */ = {
			isa = PBXGroup;
			children = (
				F07B8BAC1A5027AA00632BF9 /* BaseCommunicationUtil */,
				F0A137FA1A4C85DE00C64CE4 /* CustomResponseSerializers */,
				F0960B2A1A497ADE0037D096 /* CommunicationsManager.h */,
				F0960B2B1A497ADE0037D096 /* CommunicationsManager.m */,
				F0960B2D1A49CA140037D096 /* CommunicationGetRequestUtil.h */,
				F0960B2E1A49CA140037D096 /* CommunicationGetRequestUtil.m */,
				F0912AC71A4B23E200BD1A13 /* CommunicationPostRequestUtil.h */,
				F0912AC81A4B23E200BD1A13 /* CommunicationPostRequestUtil.m */,
			);
			name = Comms;
			sourceTree = "<group>";
		};
		F09EA4E01A349DC9005A1F1C /* Frameworks */ = {
			isa = PBXGroup;
			children = (
				F086ECA51A1A9996000213FB /* libz.dylib */,
				F086EC981A1A97E3000213FB /* GZIP.framework */,
				F086EC991A1A97E3000213FB /* Mantle.framework */,
				F086EC9A1A1A97E3000213FB /* Reachability.framework */,
				F086EC9B1A1A97E3000213FB /* TMCache.framework */,
				F086EC9C1A1A97E3000213FB /* UICKeyChainStore.framework */,
				F086EC9D1A1A97E3000213FB /* XMLDictionary.framework */,
				F086EC961A1A96DF000213FB /* Bolts.framework */,
				F086EC941A1A8BC4000213FB /* AWSiOSSDKv2.framework */,
				F086EC921A1A888B000213FB /* AVFoundation.framework */,
			);
			name = Frameworks;
			path = ..;
			sourceTree = "<group>";
		};
		F09EA4E11A349DDC005A1F1C /* Utils */ = {
			isa = PBXGroup;
			children = (
				F09EA4E21A349E1C005A1F1C /* TimerUtil.h */,
				F09EA4E31A349E1C005A1F1C /* TimerUtil.m */,
				F0A3F32C1A4DC3CA0072CE33 /* InputValidationUtil.h */,
				F0A3F32D1A4DC3CA0072CE33 /* InputValidationUtil.m */,
				F04987E21A56EBE400FC2D44 /* HashUtil.h */,
				F04987E31A56EBE400FC2D44 /* HashUtil.m */,
				F04987E51A56EE6700FC2D44 /* FileCacheUtil.h */,
				F04987E61A56EE6700FC2D44 /* FileCacheUtil.m */,
			);
			name = Utils;
			sourceTree = "<group>";
		};
		F0A137FA1A4C85DE00C64CE4 /* CustomResponseSerializers */ = {
			isa = PBXGroup;
			children = (
				F0A137FB1A4C861700C64CE4 /* JSONResponseSerializerWithData.h */,
				F0A137FC1A4C861700C64CE4 /* JSONResponseSerializerWithData.m */,
			);
			name = CustomResponseSerializers;
			sourceTree = "<group>";
		};
		F0A3F32A1A4DC2740072CE33 /* Requests */ = {
			isa = PBXGroup;
			children = (
				F02B0DE31A3DC643002E2F3B /* LoginRequestModel.h */,
				F02B0DE41A3DC643002E2F3B /* LoginRequestModel.m */,
				F02B0DE61A3DC656002E2F3B /* RegistrationRequestModel.h */,
				F02B0DE71A3DC656002E2F3B /* RegistrationRequestModel.m */,
			);
			name = Requests;
			sourceTree = "<group>";
		};
		F0A3F32B1A4DC27B0072CE33 /* Responses */ = {
			isa = PBXGroup;
			children = (
				F06F1A9F1A4B51F7006B71B7 /* RegistrationResponseModel.h */,
				F06F1AA01A4B51F7006B71B7 /* RegistrationResponseModel.m */,
				F0A137F71A4C70A200C64CE4 /* LoginResponseModel.h */,
				F0A137F81A4C70A200C64CE4 /* LoginResponseModel.m */,
			);
			name = Responses;
			sourceTree = "<group>";
		};
		F0A3F32F1A4DEC5E0072CE33 /* Entities */ = {
			isa = PBXGroup;
			children = (
				F0C3A8A71A191D0E00EAA252 /* AudioFile.h */,
				F0C3A8B41A192D0F00EAA252 /* AudioFile.m */,
			);
			name = Entities;
			sourceTree = "<group>";
		};
		F0A3F3391A4DF8920072CE33 /* Login/Registration */ = {
			isa = PBXGroup;
			children = (
				F02B0DDF1A3DC125002E2F3B /* LoginViewController.h */,
				F02B0DE01A3DC125002E2F3B /* LoginViewController.m */,
				F0A3F3301A4DF0A90072CE33 /* RegisterViewController.h */,
				F0A3F3311A4DF0A90072CE33 /* RegisterViewController.m */,
			);
			name = Login/Registration;
			sourceTree = "<group>";
		};
		F0A3F33A1A4DF8A60072CE33 /* Media */ = {
			isa = PBXGroup;
			children = (
				F08D6F631A4A05510032C90A /* MediaListViewCollectionViewController.h */,
				F08D6F641A4A05510032C90A /* MediaListViewCollectionViewController.m */,
				F086EC8F1A1A80A6000213FB /* MediaItemViewController.h */,
				F086EC901A1A80A6000213FB /* MediaItemViewController.m */,
			);
			name = Media;
			sourceTree = "<group>";
		};
		F0A3F33B1A4DF9950072CE33 /* AudioPlayer */ = {
			isa = PBXGroup;
			children = (
				F07B8BAD1A5028ED00632BF9 /* MIAudioPlayer.h */,
				F07B8BAE1A5028ED00632BF9 /* MIAudioPlayer.m */,
				F0D746811A506F0100034B98 /* MIAudioPlayerCacheDelegate.h */,
				F0D746821A506F0100034B98 /* MIAudioPlayerCacheDelegate.m */,
			);
			name = AudioPlayer;
			sourceTree = "<group>";
		};
		F0C3A89F1A1914CD00EAA252 /* Model */ = {
			isa = PBXGroup;
			children = (
				F02B0DE21A3DC61F002E2F3B /* Data Contracts */,
				F0150E5E1A11483300D13D45 /* MindApp.xcdatamodeld */,
				F0C3A8AA1A191D2500EAA252 /* Base Entities */,
				F0A3F32F1A4DEC5E0072CE33 /* Entities */,
				F0C3A8AB1A191F0500EAA252 /* Extensions */,
			);
			name = Model;
			sourceTree = "<group>";
		};
		F0C3A8A01A1914DD00EAA252 /* View */ = {
			isa = PBXGroup;
			children = (
				F0150E641A11483300D13D45 /* Main.storyboard */,
				F0912AC21A4AFE6B00BD1A13 /* MIMediaListCollectionViewCell.h */,
				F0912AC31A4AFE6B00BD1A13 /* MIMediaListCollectionViewCell.m */,
				F0912AC41A4AFE6B00BD1A13 /* MIMediaListCollectionViewCell.xib */,
			);
			name = View;
			sourceTree = "<group>";
		};
		F0C3A8A11A1914E400EAA252 /* Controllers */ = {
			isa = PBXGroup;
			children = (
				F0A3F33A1A4DF8A60072CE33 /* Media */,
				F0A3F3391A4DF8920072CE33 /* Login/Registration */,
			);
			name = Controllers;
			sourceTree = "<group>";
		};
		F0C3A8AA1A191D2500EAA252 /* Base Entities */ = {
			isa = PBXGroup;
			children = (
				F0C3A8A61A19164700EAA252 /* MediaType.h */,
				F0C3A8A31A1915B900EAA252 /* MediaModel.h */,
				F0C3A8B21A192CD900EAA252 /* MediaModel.m */,
			);
			name = "Base Entities";
			sourceTree = "<group>";
		};
		F0C3A8AB1A191F0500EAA252 /* Extensions */ = {
			isa = PBXGroup;
			children = (
				F0C3A8AC1A191F5B00EAA252 /* AudioFile+ext.h */,
				F0C3A8AD1A191F5B00EAA252 /* AudioFile+ext.m */,
			);
			name = Extensions;
			sourceTree = "<group>";
		};
/* End PBXGroup section */

/* Begin PBXNativeTarget section */
		F0150E531A11483300D13D45 /* MindApp */ = {
			isa = PBXNativeTarget;
			buildConfigurationList = F0150E7A1A11483300D13D45 /* Build configuration list for PBXNativeTarget "MindApp" */;
			buildPhases = (
				AD44E01862992251E65B1D21 /* Check Pods Manifest.lock */,
				F0150E501A11483300D13D45 /* Sources */,
				F0150E511A11483300D13D45 /* Frameworks */,
				F0150E521A11483300D13D45 /* Resources */,
				3A7995B93EBAE79B3566A602 /* Copy Pods Resources */,
			);
			buildRules = (
			);
			dependencies = (
			);
			name = MindApp;
			productName = MindApp;
			productReference = F0150E541A11483300D13D45 /* MindApp.app */;
			productType = "com.apple.product-type.application";
		};
		F0150E6F1A11483300D13D45 /* MindAppTests */ = {
			isa = PBXNativeTarget;
			buildConfigurationList = F0150E7D1A11483300D13D45 /* Build configuration list for PBXNativeTarget "MindAppTests" */;
			buildPhases = (
				F0150E6C1A11483300D13D45 /* Sources */,
				F0150E6D1A11483300D13D45 /* Frameworks */,
				F0150E6E1A11483300D13D45 /* Resources */,
			);
			buildRules = (
			);
			dependencies = (
				F0150E721A11483300D13D45 /* PBXTargetDependency */,
			);
			name = MindAppTests;
			productName = MindAppTests;
			productReference = F0150E701A11483300D13D45 /* MindAppTests.xctest */;
			productType = "com.apple.product-type.bundle.unit-test";
		};
/* End PBXNativeTarget section */

/* Begin PBXProject section */
		F0150E4C1A11483300D13D45 /* Project object */ = {
			isa = PBXProject;
			attributes = {
				LastUpgradeCheck = 0610;
				ORGANIZATIONNAME = "Jonny Pillar";
				TargetAttributes = {
					F0150E531A11483300D13D45 = {
						CreatedOnToolsVersion = 6.1;
					};
					F0150E6F1A11483300D13D45 = {
						CreatedOnToolsVersion = 6.1;
						TestTargetID = F0150E531A11483300D13D45;
					};
				};
			};
			buildConfigurationList = F0150E4F1A11483300D13D45 /* Build configuration list for PBXProject "MindApp" */;
			compatibilityVersion = "Xcode 3.2";
			developmentRegion = English;
			hasScannedForEncodings = 0;
			knownRegions = (
				en,
				Base,
			);
			mainGroup = F0150E4B1A11483300D13D45;
			productRefGroup = F0150E551A11483300D13D45 /* Products */;
			projectDirPath = "";
			projectRoot = "";
			targets = (
				F0150E531A11483300D13D45 /* MindApp */,
				F0150E6F1A11483300D13D45 /* MindAppTests */,
			);
		};
/* End PBXProject section */

/* Begin PBXResourcesBuildPhase section */
		F0150E521A11483300D13D45 /* Resources */ = {
			isa = PBXResourcesBuildPhase;
			buildActionMask = 2147483647;
			files = (
				F0E9B4A61A23B8F300F1D98F /* Resource.plist in Resources */,
				F0150E661A11483300D13D45 /* Main.storyboard in Resources */,
				F08D6F621A4A03620032C90A /* playIcon.png in Resources */,
				F0150E6B1A11483300D13D45 /* LaunchScreen.xib in Resources */,
				F0150E681A11483300D13D45 /* Images.xcassets in Resources */,
				F0912AC61A4AFE6B00BD1A13 /* MIMediaListCollectionViewCell.xib in Resources */,
			);
			runOnlyForDeploymentPostprocessing = 0;
		};
		F0150E6E1A11483300D13D45 /* Resources */ = {
			isa = PBXResourcesBuildPhase;
			buildActionMask = 2147483647;
			files = (
			);
			runOnlyForDeploymentPostprocessing = 0;
		};
/* End PBXResourcesBuildPhase section */

/* Begin PBXShellScriptBuildPhase section */
		3A7995B93EBAE79B3566A602 /* Copy Pods Resources */ = {
			isa = PBXShellScriptBuildPhase;
			buildActionMask = 2147483647;
			files = (
			);
			inputPaths = (
			);
			name = "Copy Pods Resources";
			outputPaths = (
			);
			runOnlyForDeploymentPostprocessing = 0;
			shellPath = /bin/sh;
			shellScript = "\"${SRCROOT}/Pods/Target Support Files/Pods/Pods-resources.sh\"\n";
			showEnvVarsInLog = 0;
		};
		AD44E01862992251E65B1D21 /* Check Pods Manifest.lock */ = {
			isa = PBXShellScriptBuildPhase;
			buildActionMask = 2147483647;
			files = (
			);
			inputPaths = (
			);
			name = "Check Pods Manifest.lock";
			outputPaths = (
			);
			runOnlyForDeploymentPostprocessing = 0;
			shellPath = /bin/sh;
			shellScript = "diff \"${PODS_ROOT}/../Podfile.lock\" \"${PODS_ROOT}/Manifest.lock\" > /dev/null\nif [[ $? != 0 ]] ; then\n    cat << EOM\nerror: The sandbox is not in sync with the Podfile.lock. Run 'pod install' or update your CocoaPods installation.\nEOM\n    exit 1\nfi\n";
			showEnvVarsInLog = 0;
		};
/* End PBXShellScriptBuildPhase section */

/* Begin PBXSourcesBuildPhase section */
		F0150E501A11483300D13D45 /* Sources */ = {
			isa = PBXSourcesBuildPhase;
			buildActionMask = 2147483647;
			files = (
				F0A137F91A4C70A200C64CE4 /* LoginResponseModel.m in Sources */,
				F0960B2C1A497ADE0037D096 /* CommunicationsManager.m in Sources */,
				F0960B2F1A49CA140037D096 /* CommunicationGetRequestUtil.m in Sources */,
				F06F1AA11A4B51F7006B71B7 /* RegistrationResponseModel.m in Sources */,
				F04987E71A56EE6700FC2D44 /* FileCacheUtil.m in Sources */,
				F0150E5D1A11483300D13D45 /* AppDelegate.m in Sources */,
				F0A3F32E1A4DC3CA0072CE33 /* InputValidationUtil.m in Sources */,
				F04987E41A56EBE400FC2D44 /* HashUtil.m in Sources */,
				F0C3A8AE1A191F5B00EAA252 /* AudioFile+ext.m in Sources */,
				F0A3F3321A4DF0A90072CE33 /* RegisterViewController.m in Sources */,
				F0912AC91A4B23E200BD1A13 /* CommunicationPostRequestUtil.m in Sources */,
				F07B8BAF1A5028ED00632BF9 /* MIAudioPlayer.m in Sources */,
				F02B0DE81A3DC656002E2F3B /* RegistrationRequestModel.m in Sources */,
				F086EC911A1A80A6000213FB /* MediaItemViewController.m in Sources */,
				F0D746831A506F0100034B98 /* MIAudioPlayerCacheDelegate.m in Sources */,
				F09EA4E41A349E1C005A1F1C /* TimerUtil.m in Sources */,
				F02B0DE51A3DC643002E2F3B /* LoginRequestModel.m in Sources */,
				F07B8BAA1A50254000632BF9 /* BaseCommunicationsUtil.m in Sources */,
				F02B0DE11A3DC125002E2F3B /* LoginViewController.m in Sources */,
				F0150E5A1A11483300D13D45 /* main.m in Sources */,
				F08D6F651A4A05510032C90A /* MediaListViewCollectionViewController.m in Sources */,
				F0C3A8B51A192D0F00EAA252 /* AudioFile.m in Sources */,
				F06F1A9E1A4B5103006B71B7 /* BaseResponseDataContract.m in Sources */,
				F0A137FD1A4C861700C64CE4 /* JSONResponseSerializerWithData.m in Sources */,
				F0C3A8B31A192CD900EAA252 /* MediaModel.m in Sources */,
				F0912AC51A4AFE6B00BD1A13 /* MIMediaListCollectionViewCell.m in Sources */,
				F0A3F3291A4DC0C70072CE33 /* BaseRequestDataContract.m in Sources */,
				F0150E601A11483300D13D45 /* MindApp.xcdatamodeld in Sources */,
			);
			runOnlyForDeploymentPostprocessing = 0;
		};
		F0150E6C1A11483300D13D45 /* Sources */ = {
			isa = PBXSourcesBuildPhase;
			buildActionMask = 2147483647;
			files = (
				F0150E771A11483300D13D45 /* MindAppTests.m in Sources */,
			);
			runOnlyForDeploymentPostprocessing = 0;
		};
/* End PBXSourcesBuildPhase section */

/* Begin PBXTargetDependency section */
		F0150E721A11483300D13D45 /* PBXTargetDependency */ = {
			isa = PBXTargetDependency;
			target = F0150E531A11483300D13D45 /* MindApp */;
			targetProxy = F0150E711A11483300D13D45 /* PBXContainerItemProxy */;
		};
/* End PBXTargetDependency section */

/* Begin PBXVariantGroup section */
		F0150E641A11483300D13D45 /* Main.storyboard */ = {
			isa = PBXVariantGroup;
			children = (
				F0150E651A11483300D13D45 /* Base */,
			);
			name = Main.storyboard;
			sourceTree = "<group>";
		};
		F0150E691A11483300D13D45 /* LaunchScreen.xib */ = {
			isa = PBXVariantGroup;
			children = (
				F0150E6A1A11483300D13D45 /* Base */,
			);
			name = LaunchScreen.xib;
			sourceTree = "<group>";
		};
/* End PBXVariantGroup section */

/* Begin XCBuildConfiguration section */
		F0150E781A11483300D13D45 /* Debug */ = {
			isa = XCBuildConfiguration;
			buildSettings = {
				ALWAYS_SEARCH_USER_PATHS = NO;
				CLANG_CXX_LANGUAGE_STANDARD = "gnu++0x";
				CLANG_CXX_LIBRARY = "libc++";
				CLANG_ENABLE_MODULES = YES;
				CLANG_ENABLE_OBJC_ARC = YES;
				CLANG_WARN_BOOL_CONVERSION = YES;
				CLANG_WARN_CONSTANT_CONVERSION = YES;
				CLANG_WARN_DIRECT_OBJC_ISA_USAGE = YES_ERROR;
				CLANG_WARN_EMPTY_BODY = YES;
				CLANG_WARN_ENUM_CONVERSION = YES;
				CLANG_WARN_INT_CONVERSION = YES;
				CLANG_WARN_OBJC_ROOT_CLASS = YES_ERROR;
				CLANG_WARN_UNREACHABLE_CODE = YES;
				CLANG_WARN__DUPLICATE_METHOD_MATCH = YES;
				"CODE_SIGN_IDENTITY[sdk=iphoneos*]" = "iPhone Developer";
				COPY_PHASE_STRIP = NO;
				ENABLE_STRICT_OBJC_MSGSEND = YES;
				GCC_C_LANGUAGE_STANDARD = gnu99;
				GCC_DYNAMIC_NO_PIC = NO;
				GCC_OPTIMIZATION_LEVEL = 0;
				GCC_PREPROCESSOR_DEFINITIONS = (
					"DEBUG=1",
					"$(inherited)",
				);
				GCC_SYMBOLS_PRIVATE_EXTERN = NO;
				GCC_WARN_64_TO_32_BIT_CONVERSION = YES;
				GCC_WARN_ABOUT_RETURN_TYPE = YES_ERROR;
				GCC_WARN_UNDECLARED_SELECTOR = YES;
				GCC_WARN_UNINITIALIZED_AUTOS = YES_AGGRESSIVE;
				GCC_WARN_UNUSED_FUNCTION = YES;
				GCC_WARN_UNUSED_VARIABLE = YES;
				IPHONEOS_DEPLOYMENT_TARGET = 8.1;
				MTL_ENABLE_DEBUG_INFO = YES;
				ONLY_ACTIVE_ARCH = YES;
				SDKROOT = iphoneos;
			};
			name = Debug;
		};
		F0150E791A11483300D13D45 /* Release */ = {
			isa = XCBuildConfiguration;
			buildSettings = {
				ALWAYS_SEARCH_USER_PATHS = NO;
				CLANG_CXX_LANGUAGE_STANDARD = "gnu++0x";
				CLANG_CXX_LIBRARY = "libc++";
				CLANG_ENABLE_MODULES = YES;
				CLANG_ENABLE_OBJC_ARC = YES;
				CLANG_WARN_BOOL_CONVERSION = YES;
				CLANG_WARN_CONSTANT_CONVERSION = YES;
				CLANG_WARN_DIRECT_OBJC_ISA_USAGE = YES_ERROR;
				CLANG_WARN_EMPTY_BODY = YES;
				CLANG_WARN_ENUM_CONVERSION = YES;
				CLANG_WARN_INT_CONVERSION = YES;
				CLANG_WARN_OBJC_ROOT_CLASS = YES_ERROR;
				CLANG_WARN_UNREACHABLE_CODE = YES;
				CLANG_WARN__DUPLICATE_METHOD_MATCH = YES;
				"CODE_SIGN_IDENTITY[sdk=iphoneos*]" = "iPhone Developer";
				COPY_PHASE_STRIP = YES;
				ENABLE_NS_ASSERTIONS = NO;
				ENABLE_STRICT_OBJC_MSGSEND = YES;
				GCC_C_LANGUAGE_STANDARD = gnu99;
				GCC_WARN_64_TO_32_BIT_CONVERSION = YES;
				GCC_WARN_ABOUT_RETURN_TYPE = YES_ERROR;
				GCC_WARN_UNDECLARED_SELECTOR = YES;
				GCC_WARN_UNINITIALIZED_AUTOS = YES_AGGRESSIVE;
				GCC_WARN_UNUSED_FUNCTION = YES;
				GCC_WARN_UNUSED_VARIABLE = YES;
				IPHONEOS_DEPLOYMENT_TARGET = 8.1;
				MTL_ENABLE_DEBUG_INFO = NO;
				SDKROOT = iphoneos;
				VALIDATE_PRODUCT = YES;
			};
			name = Release;
		};
		F0150E7B1A11483300D13D45 /* Debug */ = {
			isa = XCBuildConfiguration;
			baseConfigurationReference = 6849B07F1B0C8938F344F2E8 /* Pods.debug.xcconfig */;
			buildSettings = {
				ASSETCATALOG_COMPILER_APPICON_NAME = AppIcon;
				FRAMEWORK_SEARCH_PATHS = (
					"$(inherited)",
					"/Users/jonnypillar/Downloads/aws-ios-sdk-2.0.12/frameworks",
					"/Users/jonnypillar/Downloads/Bolts-iOS/ios",
					"/Users/jonnypillar/Downloads/aws-ios-sdk-2.0.12/third-party",
				);
				INFOPLIST_FILE = MindApp/Info.plist;
				LD_RUNPATH_SEARCH_PATHS = "$(inherited) @executable_path/Frameworks";
				PRODUCT_NAME = "$(TARGET_NAME)";
			};
			name = Debug;
		};
		F0150E7C1A11483300D13D45 /* Release */ = {
			isa = XCBuildConfiguration;
			baseConfigurationReference = 79A70C9DFA872F376A617139 /* Pods.release.xcconfig */;
			buildSettings = {
				ASSETCATALOG_COMPILER_APPICON_NAME = AppIcon;
				FRAMEWORK_SEARCH_PATHS = (
					"$(inherited)",
					"/Users/jonnypillar/Downloads/aws-ios-sdk-2.0.12/frameworks",
					"/Users/jonnypillar/Downloads/Bolts-iOS/ios",
					"/Users/jonnypillar/Downloads/aws-ios-sdk-2.0.12/third-party",
				);
				INFOPLIST_FILE = MindApp/Info.plist;
				LD_RUNPATH_SEARCH_PATHS = "$(inherited) @executable_path/Frameworks";
				PRODUCT_NAME = "$(TARGET_NAME)";
			};
			name = Release;
		};
		F0150E7E1A11483300D13D45 /* Debug */ = {
			isa = XCBuildConfiguration;
			buildSettings = {
				BUNDLE_LOADER = "$(TEST_HOST)";
				FRAMEWORK_SEARCH_PATHS = (
					"$(SDKROOT)/Developer/Library/Frameworks",
					"$(inherited)",
				);
				GCC_PREPROCESSOR_DEFINITIONS = (
					"DEBUG=1",
					"$(inherited)",
				);
				INFOPLIST_FILE = MindAppTests/Info.plist;
				LD_RUNPATH_SEARCH_PATHS = "$(inherited) @executable_path/Frameworks @loader_path/Frameworks";
				PRODUCT_NAME = "$(TARGET_NAME)";
				TEST_HOST = "$(BUILT_PRODUCTS_DIR)/MindApp.app/MindApp";
			};
			name = Debug;
		};
		F0150E7F1A11483300D13D45 /* Release */ = {
			isa = XCBuildConfiguration;
			buildSettings = {
				BUNDLE_LOADER = "$(TEST_HOST)";
				FRAMEWORK_SEARCH_PATHS = (
					"$(SDKROOT)/Developer/Library/Frameworks",
					"$(inherited)",
				);
				INFOPLIST_FILE = MindAppTests/Info.plist;
				LD_RUNPATH_SEARCH_PATHS = "$(inherited) @executable_path/Frameworks @loader_path/Frameworks";
				PRODUCT_NAME = "$(TARGET_NAME)";
				TEST_HOST = "$(BUILT_PRODUCTS_DIR)/MindApp.app/MindApp";
			};
			name = Release;
		};
/* End XCBuildConfiguration section */

/* Begin XCConfigurationList section */
		F0150E4F1A11483300D13D45 /* Build configuration list for PBXProject "MindApp" */ = {
			isa = XCConfigurationList;
			buildConfigurations = (
				F0150E781A11483300D13D45 /* Debug */,
				F0150E791A11483300D13D45 /* Release */,
			);
			defaultConfigurationIsVisible = 0;
			defaultConfigurationName = Release;
		};
		F0150E7A1A11483300D13D45 /* Build configuration list for PBXNativeTarget "MindApp" */ = {
			isa = XCConfigurationList;
			buildConfigurations = (
				F0150E7B1A11483300D13D45 /* Debug */,
				F0150E7C1A11483300D13D45 /* Release */,
			);
			defaultConfigurationIsVisible = 0;
			defaultConfigurationName = Release;
		};
		F0150E7D1A11483300D13D45 /* Build configuration list for PBXNativeTarget "MindAppTests" */ = {
			isa = XCConfigurationList;
			buildConfigurations = (
				F0150E7E1A11483300D13D45 /* Debug */,
				F0150E7F1A11483300D13D45 /* Release */,
			);
			defaultConfigurationIsVisible = 0;
			defaultConfigurationName = Release;
		};
/* End XCConfigurationList section */

/* Begin XCVersionGroup section */
		F0150E5E1A11483300D13D45 /* MindApp.xcdatamodeld */ = {
			isa = XCVersionGroup;
			children = (
				F0150E5F1A11483300D13D45 /* MindApp.xcdatamodel */,
			);
			currentVersion = F0150E5F1A11483300D13D45 /* MindApp.xcdatamodel */;
			path = MindApp.xcdatamodeld;
			sourceTree = "<group>";
			versionGroupType = wrapper.xcdatamodel;
		};
/* End XCVersionGroup section */
	};
	rootObject = F0150E4C1A11483300D13D45 /* Project object */;
}
